{
  "name": "portfolio",
  "lockfileVersion": 3,
  "requires": true,
  "packages": {
    "": {
      "dependencies": {
        "cursor-effects": "^1.0.17"
      }
    },
    "node_modules/cursor-effects": {
      "version": "1.0.17",
      "resolved": "https://registry.npmjs.org/cursor-effects/-/cursor-effects-1.0.17.tgz",
      "integrity": "sha512-IUMgMgc9Ii/BZnngHZmg/SpUvHaJAC+zqxmWIU4DnJY9RN5eb2xEGB9yL2jrdihMs+9xLgRuNNPYVaUrhASTNA==",
      "license": "MIT"
    }
  }
}
